
Microsoft Visual Studio Solution File, Format Version 12.00
# Visual Studio 2013
VisualStudioVersion = 12.0.31101.0
MinimumVisualStudioVersion = 10.0.40219.1
Project("{FAE04EC0-301F-11D3-BF4B-00C04F79EFBC}") = "viFactory", "viFactory\viFactory.csproj", "{3A6D611B-EC6C-448C-8E5C-C82D348A07EF}"
EndProject
Project("{FAE04EC0-301F-11D3-BF4B-00C04F79EFBC}") = "viFactory.Tests", "viFactory.Tests\viFactory.Tests.csproj", "{59802036-B088-450F-A87A-6E6E19A1F016}"
EndProject
Project("{FAE04EC0-301F-11D3-BF4B-00C04F79EFBC}") = "Repository", "Repository\Repository.csproj", "{D1B4AB97-2BD5-4679-B86E-72E4B372ADC3}"
EndProject
Global
	GlobalSection(SolutionConfigurationPlatforms) = preSolution
		Debug|Any CPU = Debug|Any CPU
		Release|Any CPU = Release|Any CPU
	EndGlobalSection
	GlobalSection(ProjectConfigurationPlatforms) = postSolution
		{3A6D611B-EC6C-448C-8E5C-C82D348A07EF}.Debug|Any CPU.ActiveCfg = Debug|Any CPU
		{3A6D611B-EC6C-448C-8E5C-C82D348A07EF}.Debug|Any CPU.Build.0 = Debug|Any CPU
		{3A6D611B-EC6C-448C-8E5C-C82D348A07EF}.Release|Any CPU.ActiveCfg = Release|Any CPU
		{3A6D611B-EC6C-448C-8E5C-C82D348A07EF}.Release|Any CPU.Build.0 = Release|Any CPU
		{59802036-B088-450F-A87A-6E6E19A1F016}.Debug|Any CPU.ActiveCfg = Debug|Any CPU
		{59802036-B088-450F-A87A-6E6E19A1F016}.Debug|Any CPU.Build.0 = Debug|Any CPU
		{59802036-B088-450F-A87A-6E6E19A1F016}.Release|Any CPU.ActiveCfg = Release|Any CPU
		{59802036-B088-450F-A87A-6E6E19A1F016}.Release|Any CPU.Build.0 = Release|Any CPU
		{D1B4AB97-2BD5-4679-B86E-72E4B372ADC3}.Debug|Any CPU.ActiveCfg = Debug|Any CPU
		{D1B4AB97-2BD5-4679-B86E-72E4B372ADC3}.Debug|Any CPU.Build.0 = Debug|Any CPU
		{D1B4AB97-2BD5-4679-B86E-72E4B372ADC3}.Release|Any CPU.ActiveCfg = Release|Any CPU
		{D1B4AB97-2BD5-4679-B86E-72E4B372ADC3}.Release|Any CPU.Build.0 = Release|Any CPU
	EndGlobalSection
	GlobalSection(SolutionProperties) = preSolution
		HideSolutionNode = FALSE
	EndGlobalSection
EndGlobal
